
Microsoft Visual Studio Solution File, Format Version 12.00
# Visual Studio Version 17
VisualStudioVersion = 17.6.33417.168
MinimumVisualStudioVersion = 10.0.40219.1
Project("{FAE04EC0-301F-11D3-BF4B-00C04F79EFBC}") = "cnc-finetune", "cnc-finetune\cnc-finetune.csproj", "{F3431E29-6098-4AF4-B7F8-C158C98309FC}"
EndProject
Global
	GlobalSection(SolutionConfigurationPlatforms) = preSolution
		Debug|Any CPU = Debug|Any CPU
		Release|Any CPU = Release|Any CPU
	EndGlobalSection
	GlobalSection(ProjectConfigurationPlatforms) = postSolution
		{F3431E29-6098-4AF4-B7F8-C158C98309FC}.Debug|Any CPU.ActiveCfg = Debug|Any CPU
		{F3431E29-6098-4AF4-B7F8-C158C98309FC}.Debug|Any CPU.Build.0 = Debug|Any CPU
		{F3431E29-6098-4AF4-B7F8-C158C98309FC}.Release|Any CPU.ActiveCfg = Release|Any CPU
		{F3431E29-6098-4AF4-B7F8-C158C98309FC}.Release|Any CPU.Build.0 = Release|Any CPU
	EndGlobalSection
	GlobalSection(SolutionProperties) = preSolution
		HideSolutionNode = FALSE
	EndGlobalSection
	GlobalSection(ExtensibilityGlobals) = postSolution
		SolutionGuid = {AFE83116-5984-44A9-9263-2A3BADEA900D}
	EndGlobalSection
EndGlobal
